
Microsoft Visual Studio Solution File, Format Version 12.00
# Visual Studio 2012
Project("{FAE04EC0-301F-11D3-BF4B-00C04F79EFBC}") = "YDNoteOpenAPI4N", "YDNoteOpenAPI4N\YDNoteOpenAPI4N.csproj", "{37661CC7-0ACC-4EE7-94D0-9AEAF8D0D8A8}"
EndProject
Project("{FAE04EC0-301F-11D3-BF4B-00C04F79EFBC}") = "YDNoteOpenAPI4N.Test.Web", "YDNoteOpenAPI4N.Test.Web\YDNoteOpenAPI4N.Test.Web.csproj", "{1E1CF443-7599-4403-8E6A-E5FF8067DB58}"
EndProject
Global
	GlobalSection(SolutionConfigurationPlatforms) = preSolution
		Debug|Any CPU = Debug|Any CPU
		Debug|Mixed Platforms = Debug|Mixed Platforms
		Debug|x86 = Debug|x86
		Release|Any CPU = Release|Any CPU
		Release|Mixed Platforms = Release|Mixed Platforms
		Release|x86 = Release|x86
	EndGlobalSection
	GlobalSection(ProjectConfigurationPlatforms) = postSolution
		{37661CC7-0ACC-4EE7-94D0-9AEAF8D0D8A8}.Debug|Any CPU.ActiveCfg = Debug|Any CPU
		{37661CC7-0ACC-4EE7-94D0-9AEAF8D0D8A8}.Debug|Any CPU.Build.0 = Debug|Any CPU
		{37661CC7-0ACC-4EE7-94D0-9AEAF8D0D8A8}.Debug|Mixed Platforms.ActiveCfg = Debug|Any CPU
		{37661CC7-0ACC-4EE7-94D0-9AEAF8D0D8A8}.Debug|Mixed Platforms.Build.0 = Debug|Any CPU
		{37661CC7-0ACC-4EE7-94D0-9AEAF8D0D8A8}.Debug|x86.ActiveCfg = Debug|Any CPU
		{37661CC7-0ACC-4EE7-94D0-9AEAF8D0D8A8}.Release|Any CPU.ActiveCfg = Release|Any CPU
		{37661CC7-0ACC-4EE7-94D0-9AEAF8D0D8A8}.Release|Any CPU.Build.0 = Release|Any CPU
		{37661CC7-0ACC-4EE7-94D0-9AEAF8D0D8A8}.Release|Mixed Platforms.ActiveCfg = Release|Any CPU
		{37661CC7-0ACC-4EE7-94D0-9AEAF8D0D8A8}.Release|Mixed Platforms.Build.0 = Release|Any CPU
		{37661CC7-0ACC-4EE7-94D0-9AEAF8D0D8A8}.Release|x86.ActiveCfg = Release|Any CPU
		{1E1CF443-7599-4403-8E6A-E5FF8067DB58}.Debug|Any CPU.ActiveCfg = Debug|Any CPU
		{1E1CF443-7599-4403-8E6A-E5FF8067DB58}.Debug|Any CPU.Build.0 = Debug|Any CPU
		{1E1CF443-7599-4403-8E6A-E5FF8067DB58}.Debug|Mixed Platforms.ActiveCfg = Debug|Any CPU
		{1E1CF443-7599-4403-8E6A-E5FF8067DB58}.Debug|Mixed Platforms.Build.0 = Debug|Any CPU
		{1E1CF443-7599-4403-8E6A-E5FF8067DB58}.Debug|x86.ActiveCfg = Debug|Any CPU
		{1E1CF443-7599-4403-8E6A-E5FF8067DB58}.Release|Any CPU.ActiveCfg = Release|Any CPU
		{1E1CF443-7599-4403-8E6A-E5FF8067DB58}.Release|Any CPU.Build.0 = Release|Any CPU
		{1E1CF443-7599-4403-8E6A-E5FF8067DB58}.Release|Mixed Platforms.ActiveCfg = Release|Any CPU
		{1E1CF443-7599-4403-8E6A-E5FF8067DB58}.Release|Mixed Platforms.Build.0 = Release|Any CPU
		{1E1CF443-7599-4403-8E6A-E5FF8067DB58}.Release|x86.ActiveCfg = Release|Any CPU
	EndGlobalSection
	GlobalSection(SolutionProperties) = preSolution
		HideSolutionNode = FALSE
	EndGlobalSection
EndGlobal
